// !$*UTF8*$!
{
	archiveVersion = 1;
	classes = {
	};
	objectVersion = 56;
	objects = {

/* Begin PBXBuildFile section */
		ABA4317E29129730009A9B53 /* AppDelegate.swift in Sources */ = {isa = PBXBuildFile; fileRef = ABA4317D29129730009A9B53 /* AppDelegate.swift */; };
		ABA4318029129730009A9B53 /* SceneDelegate.swift in Sources */ = {isa = PBXBuildFile; fileRef = ABA4317F29129730009A9B53 /* SceneDelegate.swift */; };
		ABA4318229129730009A9B53 /* ViewController.swift in Sources */ = {isa = PBXBuildFile; fileRef = ABA4318129129730009A9B53 /* ViewController.swift */; };
		ABA4318529129730009A9B53 /* Main.storyboard in Resources */ = {isa = PBXBuildFile; fileRef = ABA4318329129730009A9B53 /* Main.storyboard */; };
		ABA4318729129732009A9B53 /* Assets.xcassets in Resources */ = {isa = PBXBuildFile; fileRef = ABA4318629129732009A9B53 /* Assets.xcassets */; };
		ABA4318A29129732009A9B53 /* LaunchScreen.storyboard in Resources */ = {isa = PBXBuildFile; fileRef = ABA4318829129732009A9B53 /* LaunchScreen.storyboard */; };
		ABA4319729129E02009A9B53 /* SpringAnimation in Frameworks */ = {isa = PBXBuildFile; productRef = ABA4319629129E02009A9B53 /* SpringAnimation */; };
		ABA431992912A895009A9B53 /* Animation.swift in Sources */ = {isa = PBXBuildFile; fileRef = ABA431982912A895009A9B53 /* Animation.swift */; };
		ABA4319B2912B1F0009A9B53 /* DataStore.swift in Sources */ = {isa = PBXBuildFile; fileRef = ABA4319A2912B1F0009A9B53 /* DataStore.swift */; };
/* End PBXBuildFile section */

/* Begin PBXFileReference section */
		ABA4317A29129730009A9B53 /* RandomAnimation.app */ = {isa = PBXFileReference; explicitFileType = wrapper.application; includeInIndex = 0; path = RandomAnimation.app; sourceTree = BUILT_PRODUCTS_DIR; };
		ABA4317D29129730009A9B53 /* AppDelegate.swift */ = {isa = PBXFileReference; lastKnownFileType = sourcecode.swift; path = AppDelegate.swift; sourceTree = "<group>"; };
		ABA4317F29129730009A9B53 /* SceneDelegate.swift */ = {isa = PBXFileReference; lastKnownFileType = sourcecode.swift; path = SceneDelegate.swift; sourceTree = "<group>"; };
		ABA4318129129730009A9B53 /* ViewController.swift */ = {isa = PBXFileReference; lastKnownFileType = sourcecode.swift; path = ViewController.swift; sourceTree = "<group>"; };
		ABA4318429129730009A9B53 /* Base */ = {isa = PBXFileReference; lastKnownFileType = file.storyboard; name = Base; path = Base.lproj/Main.storyboard; sourceTree = "<group>"; };
		ABA4318629129732009A9B53 /* Assets.xcassets */ = {isa = PBXFileReference; lastKnownFileType = folder.assetcatalog; path = Assets.xcassets; sourceTree = "<group>"; };
		ABA4318929129732009A9B53 /* Base */ = {isa = PBXFileReference; lastKnownFileType = file.storyboard; name = Base; path = Base.lproj/LaunchScreen.storyboard; sourceTree = "<group>"; };
		ABA4318B29129732009A9B53 /* Info.plist */ = {isa = PBXFileReference; lastKnownFileType = text.plist.xml; path = Info.plist; sourceTree = "<group>"; };
		ABA431982912A895009A9B53 /* Animation.swift */ = {isa = PBXFileReference; lastKnownFileType = sourcecode.swift; path = Animation.swift; sourceTree = "<group>"; };
		ABA4319A2912B1F0009A9B53 /* DataStore.swift */ = {isa = PBXFileReference; lastKnownFileType = sourcecode.swift; path = DataStore.swift; sourceTree = "<group>"; };
/* End PBXFileReference section */

/* Begin PBXFrameworksBuildPhase section */
		ABA4317729129730009A9B53 /* Frameworks */ = {
			isa = PBXFrameworksBuildPhase;
			buildActionMask = 2147483647;
			files = (
				ABA4319729129E02009A9B53 /* SpringAnimation in Frameworks */,
			);
			runOnlyForDeploymentPostprocessing = 0;
		};
/* End PBXFrameworksBuildPhase section */

/* Begin PBXGroup section */
		ABA4317129129730009A9B53 = {
			isa = PBXGroup;
			children = (
				ABA4317C29129730009A9B53 /* RandomAnimation */,
				ABA4317B29129730009A9B53 /* Products */,
			);
			sourceTree = "<group>";
		};
		ABA4317B29129730009A9B53 /* Products */ = {
			isa = PBXGroup;
			children = (
				ABA4317A29129730009A9B53 /* RandomAnimation.app */,
			);
			name = Products;
			sourceTree = "<group>";
		};
		ABA4317C29129730009A9B53 /* RandomAnimation */ = {
			isa = PBXGroup;
			children = (
				ABA431922912976B009A9B53 /* App */,
				ABA4319429129787009A9B53 /* Model */,
				ABA4319129129758009A9B53 /* View */,
				ABA4319329129778009A9B53 /* Controllers */,
				ABA4318629129732009A9B53 /* Assets.xcassets */,
			);
			path = RandomAnimation;
			sourceTree = "<group>";
		};
		ABA4319129129758009A9B53 /* View */ = {
			isa = PBXGroup;
			children = (
				ABA4318329129730009A9B53 /* Main.storyboard */,
				ABA4318829129732009A9B53 /* LaunchScreen.storyboard */,
			);
			path = View;
			sourceTree = "<group>";
		};
		ABA431922912976B009A9B53 /* App */ = {
			isa = PBXGroup;
			children = (
				ABA4317D29129730009A9B53 /* AppDelegate.swift */,
				ABA4317F29129730009A9B53 /* SceneDelegate.swift */,
				ABA4318B29129732009A9B53 /* Info.plist */,
			);
			path = App;
			sourceTree = "<group>";
		};
		ABA4319329129778009A9B53 /* Controllers */ = {
			isa = PBXGroup;
			children = (
				ABA4318129129730009A9B53 /* ViewController.swift */,
			);
			path = Controllers;
			sourceTree = "<group>";
		};
		ABA4319429129787009A9B53 /* Model */ = {
			isa = PBXGroup;
			children = (
				ABA431982912A895009A9B53 /* Animation.swift */,
				ABA4319A2912B1F0009A9B53 /* DataStore.swift */,
			);
			path = Model;
			sourceTree = "<group>";
		};
/* End PBXGroup section */

/* Begin PBXNativeTarget section */
		ABA4317929129730009A9B53 /* RandomAnimation */ = {
			isa = PBXNativeTarget;
			buildConfigurationList = ABA4318E29129732009A9B53 /* Build configuration list for PBXNativeTarget "RandomAnimation" */;
			buildPhases = (
				ABA4317629129730009A9B53 /* Sources */,
				ABA4317729129730009A9B53 /* Frameworks */,
				ABA4317829129730009A9B53 /* Resources */,
			);
			buildRules = (
			);
			dependencies = (
			);
			name = RandomAnimation;
			packageProductDependencies = (
				ABA4319629129E02009A9B53 /* SpringAnimation */,
			);
			productName = RandomAnimation;
			productReference = ABA4317A29129730009A9B53 /* RandomAnimation.app */;
			productType = "com.apple.product-type.application";
		};
/* End PBXNativeTarget section */

/* Begin PBXProject section */
		ABA4317229129730009A9B53 /* Project object */ = {
			isa = PBXProject;
			attributes = {
				BuildIndependentTargetsInParallel = 1;
				LastSwiftUpdateCheck = 1400;
				LastUpgradeCheck = 1400;
				TargetAttributes = {
					ABA4317929129730009A9B53 = {
						CreatedOnToolsVersion = 14.0.1;
					};
				};
			};
			buildConfigurationList = ABA4317529129730009A9B53 /* Build configuration list for PBXProject "RandomAnimation" */;
			compatibilityVersion = "Xcode 14.0";
			developmentRegion = en;
			hasScannedForEncodings = 0;
			knownRegions = (
				en,
				Base,
			);
			mainGroup = ABA4317129129730009A9B53;
			packageReferences = (
				ABA4319529129E02009A9B53 /* XCRemoteSwiftPackageReference "SpringAnimation" */,
			);
			productRefGroup = ABA4317B29129730009A9B53 /* Products */;
			projectDirPath = "";
			projectRoot = "";
			targets = (
				ABA4317929129730009A9B53 /* RandomAnimation */,
			);
		};
/* End PBXProject section */

/* Begin PBXResourcesBuildPhase section */
		ABA4317829129730009A9B53 /* Resources */ = {
			isa = PBXResourcesBuildPhase;
			buildActionMask = 2147483647;
			files = (
				ABA4318A29129732009A9B53 /* LaunchScreen.storyboard in Resources */,
				ABA4318729129732009A9B53 /* Assets.xcassets in Resources */,
				ABA4318529129730009A9B53 /* Main.storyboard in Resources */,
			);
			runOnlyForDeploymentPostprocessing = 0;
		};
/* End PBXResourcesBuildPhase section */

/* Begin PBXSourcesBuildPhase section */
		ABA4317629129730009A9B53 /* Sources */ = {
			isa = PBXSourcesBuildPhase;
			buildActionMask = 2147483647;
			files = (
				ABA4318229129730009A9B53 /* ViewController.swift in Sources */,
				ABA4317E29129730009A9B53 /* AppDelegate.swift in Sources */,
				ABA431992912A895009A9B53 /* Animation.swift in Sources */,
				ABA4319B2912B1F0009A9B53 /* DataStore.swift in Sources */,
				ABA4318029129730009A9B53 /* SceneDelegate.swift in Sources */,
			);
			runOnlyForDeploymentPostprocessing = 0;
		};
/* End PBXSourcesBuildPhase section */

/* Begin PBXVariantGroup section */
		ABA4318329129730009A9B53 /* Main.storyboard */ = {
			isa = PBXVariantGroup;
			children = (
				ABA4318429129730009A9B53 /* Base */,
			);
			name = Main.storyboard;
			sourceTree = "<group>";
		};
		ABA4318829129732009A9B53 /* LaunchScreen.storyboard */ = {
			isa = PBXVariantGroup;
			children = (
				ABA4318929129732009A9B53 /* Base */,
			);
			name = LaunchScreen.storyboard;
			sourceTree = "<group>";
		};
/* End PBXVariantGroup section */

/* Begin XCBuildConfiguration section */
		ABA4318C29129732009A9B53 /* Debug */ = {
			isa = XCBuildConfiguration;
			buildSettings = {
				ALWAYS_SEARCH_USER_PATHS = NO;
				CLANG_ANALYZER_NONNULL = YES;
				CLANG_ANALYZER_NUMBER_OBJECT_CONVERSION = YES_AGGRESSIVE;
				CLANG_CXX_LANGUAGE_STANDARD = "gnu++20";
				CLANG_ENABLE_MODULES = YES;
				CLANG_ENABLE_OBJC_ARC = YES;
				CLANG_ENABLE_OBJC_WEAK = YES;
				CLANG_WARN_BLOCK_CAPTURE_AUTORELEASING = YES;
				CLANG_WARN_BOOL_CONVERSION = YES;
				CLANG_WARN_COMMA = YES;
				CLANG_WARN_CONSTANT_CONVERSION = YES;
				CLANG_WARN_DEPRECATED_OBJC_IMPLEMENTATIONS = YES;
				CLANG_WARN_DIRECT_OBJC_ISA_USAGE = YES_ERROR;
				CLANG_WARN_DOCUMENTATION_COMMENTS = YES;
				CLANG_WARN_EMPTY_BODY = YES;
				CLANG_WARN_ENUM_CONVERSION = YES;
				CLANG_WARN_INFINITE_RECURSION = YES;
				CLANG_WARN_INT_CONVERSION = YES;
				CLANG_WARN_NON_LITERAL_NULL_CONVERSION = YES;
				CLANG_WARN_OBJC_IMPLICIT_RETAIN_SELF = YES;
				CLANG_WARN_OBJC_LITERAL_CONVERSION = YES;
				CLANG_WARN_OBJC_ROOT_CLASS = YES_ERROR;
				CLANG_WARN_QUOTED_INCLUDE_IN_FRAMEWORK_HEADER = YES;
				CLANG_WARN_RANGE_LOOP_ANALYSIS = YES;
				CLANG_WARN_STRICT_PROTOTYPES = YES;
				CLANG_WARN_SUSPICIOUS_MOVE = YES;
				CLANG_WARN_UNGUARDED_AVAILABILITY = YES_AGGRESSIVE;
				CLANG_WARN_UNREACHABLE_CODE = YES;
				CLANG_WARN__DUPLICATE_METHOD_MATCH = YES;
				COPY_PHASE_STRIP = NO;
				DEBUG_INFORMATION_FORMAT = dwarf;
				ENABLE_STRICT_OBJC_MSGSEND = YES;
				ENABLE_TESTABILITY = YES;
				GCC_C_LANGUAGE_STANDARD = gnu11;
				GCC_DYNAMIC_NO_PIC = NO;
				GCC_NO_COMMON_BLOCKS = YES;
				GCC_OPTIMIZATION_LEVEL = 0;
				GCC_PREPROCESSOR_DEFINITIONS = (
					"DEBUG=1",
					"$(inherited)",
				);
				GCC_WARN_64_TO_32_BIT_CONVERSION = YES;
				GCC_WARN_ABOUT_RETURN_TYPE = YES_ERROR;
				GCC_WARN_UNDECLARED_SELECTOR = YES;
				GCC_WARN_UNINITIALIZED_AUTOS = YES_AGGRESSIVE;
				GCC_WARN_UNUSED_FUNCTION = YES;
				GCC_WARN_UNUSED_VARIABLE = YES;
				IPHONEOS_DEPLOYMENT_TARGET = 16.0;
				MTL_ENABLE_DEBUG_INFO = INCLUDE_SOURCE;
				MTL_FAST_MATH = YES;
				ONLY_ACTIVE_ARCH = YES;
				SDKROOT = iphoneos;
				SWIFT_ACTIVE_COMPILATION_CONDITIONS = DEBUG;
				SWIFT_OPTIMIZATION_LEVEL = "-Onone";
			};
			name = Debug;
		};
		ABA4318D29129732009A9B53 /* Release */ = {
			isa = XCBuildConfiguration;
			buildSettings = {
				ALWAYS_SEARCH_USER_PATHS = NO;
				CLANG_ANALYZER_NONNULL = YES;
				CLANG_ANALYZER_NUMBER_OBJECT_CONVERSION = YES_AGGRESSIVE;
				CLANG_CXX_LANGUAGE_STANDARD = "gnu++20";
				CLANG_ENABLE_MODULES = YES;
				CLANG_ENABLE_OBJC_ARC = YES;
				CLANG_ENABLE_OBJC_WEAK = YES;
				CLANG_WARN_BLOCK_CAPTURE_AUTORELEASING = YES;
				CLANG_WARN_BOOL_CONVERSION = YES;
				CLANG_WARN_COMMA = YES;
				CLANG_WARN_CONSTANT_CONVERSION = YES;
				CLANG_WARN_DEPRECATED_OBJC_IMPLEMENTATIONS = YES;
				CLANG_WARN_DIRECT_OBJC_ISA_USAGE = YES_ERROR;
				CLANG_WARN_DOCUMENTATION_COMMENTS = YES;
				CLANG_WARN_EMPTY_BODY = YES;
				CLANG_WARN_ENUM_CONVERSION = YES;
				CLANG_WARN_INFINITE_RECURSION = YES;
				CLANG_WARN_INT_CONVERSION = YES;
				CLANG_WARN_NON_LITERAL_NULL_CONVERSION = YES;
				CLANG_WARN_OBJC_IMPLICIT_RETAIN_SELF = YES;
				CLANG_WARN_OBJC_LITERAL_CONVERSION = YES;
				CLANG_WARN_OBJC_ROOT_CLASS = YES_ERROR;
				CLANG_WARN_QUOTED_INCLUDE_IN_FRAMEWORK_HEADER = YES;
				CLANG_WARN_RANGE_LOOP_ANALYSIS = YES;
				CLANG_WARN_STRICT_PROTOTYPES = YES;
				CLANG_WARN_SUSPICIOUS_MOVE = YES;
				CLANG_WARN_UNGUARDED_AVAILABILITY = YES_AGGRESSIVE;
				CLANG_WARN_UNREACHABLE_CODE = YES;
				CLANG_WARN__DUPLICATE_METHOD_MATCH = YES;
				COPY_PHASE_STRIP = NO;
				DEBUG_INFORMATION_FORMAT = "dwarf-with-dsym";
				ENABLE_NS_ASSERTIONS = NO;
				ENABLE_STRICT_OBJC_MSGSEND = YES;
				GCC_C_LANGUAGE_STANDARD = gnu11;
				GCC_NO_COMMON_BLOCKS = YES;
				GCC_WARN_64_TO_32_BIT_CONVERSION = YES;
				GCC_WARN_ABOUT_RETURN_TYPE = YES_ERROR;
				GCC_WARN_UNDECLARED_SELECTOR = YES;
				GCC_WARN_UNINITIALIZED_AUTOS = YES_AGGRESSIVE;
				GCC_WARN_UNUSED_FUNCTION = YES;
				GCC_WARN_UNUSED_VARIABLE = YES;
				IPHONEOS_DEPLOYMENT_TARGET = 16.0;
				MTL_ENABLE_DEBUG_INFO = NO;
				MTL_FAST_MATH = YES;
				SDKROOT = iphoneos;
				SWIFT_COMPILATION_MODE = wholemodule;
				SWIFT_OPTIMIZATION_LEVEL = "-O";
				VALIDATE_PRODUCT = YES;
			};
			name = Release;
		};
		ABA4318F29129732009A9B53 /* Debug */ = {
			isa = XCBuildConfiguration;
			buildSettings = {
				ASSETCATALOG_COMPILER_APPICON_NAME = AppIcon;
				ASSETCATALOG_COMPILER_GLOBAL_ACCENT_COLOR_NAME = AccentColor;
				CODE_SIGN_STYLE = Automatic;
				CURRENT_PROJECT_VERSION = 1;
				DEVELOPMENT_TEAM = 4NXQ8UZ7F9;
				GENERATE_INFOPLIST_FILE = YES;
				INFOPLIST_FILE = RandomAnimation/App/Info.plist;
				INFOPLIST_KEY_UIApplicationSupportsIndirectInputEvents = YES;
				INFOPLIST_KEY_UILaunchStoryboardName = LaunchScreen;
				INFOPLIST_KEY_UIMainStoryboardFile = Main;
				INFOPLIST_KEY_UISupportedInterfaceOrientations = UIInterfaceOrientationPortrait;
				INFOPLIST_KEY_UISupportedInterfaceOrientations_iPad = "UIInterfaceOrientationLandscapeLeft UIInterfaceOrientationLandscapeRight UIInterfaceOrientationPortrait UIInterfaceOrientationPortraitUpsideDown";
				LD_RUNPATH_SEARCH_PATHS = (
					"$(inherited)",
					"@executable_path/Frameworks",
				);
				MARKETING_VERSION = 1.0;
				PRODUCT_BUNDLE_IDENTIFIER = com.kisus.RandomAnimation;
				PRODUCT_NAME = "$(TARGET_NAME)";
				SUPPORTED_PLATFORMS = "iphoneos iphonesimulator";
				SUPPORTS_MACCATALYST = NO;
				SUPPORTS_MAC_DESIGNED_FOR_IPHONE_IPAD = NO;
				SWIFT_EMIT_LOC_STRINGS = YES;
				SWIFT_VERSION = 5.0;
				TARGETED_DEVICE_FAMILY = 1;
			};
			name = Debug;
		};
		ABA4319029129732009A9B53 /* Release */ = {
			isa = XCBuildConfiguration;
			buildSettings = {
				ASSETCATALOG_COMPILER_APPICON_NAME = AppIcon;
				ASSETCATALOG_COMPILER_GLOBAL_ACCENT_COLOR_NAME = AccentColor;
				CODE_SIGN_STYLE = Automatic;
				CURRENT_PROJECT_VERSION = 1;
				DEVELOPMENT_TEAM = 4NXQ8UZ7F9;
				GENERATE_INFOPLIST_FILE = YES;
				INFOPLIST_FILE = RandomAnimation/App/Info.plist;
				INFOPLIST_KEY_UIApplicationSupportsIndirectInputEvents = YES;
				INFOPLIST_KEY_UILaunchStoryboardName = LaunchScreen;
				INFOPLIST_KEY_UIMainStoryboardFile = Main;
				INFOPLIST_KEY_UISupportedInterfaceOrientations = UIInterfaceOrientationPortrait;
				INFOPLIST_KEY_UISupportedInterfaceOrientations_iPad = "UIInterfaceOrientationLandscapeLeft UIInterfaceOrientationLandscapeRight UIInterfaceOrientationPortrait UIInterfaceOrientationPortraitUpsideDown";
				LD_RUNPATH_SEARCH_PATHS = (
					"$(inherited)",
					"@executable_path/Frameworks",
				);
				MARKETING_VERSION = 1.0;
				PRODUCT_BUNDLE_IDENTIFIER = com.kisus.RandomAnimation;
				PRODUCT_NAME = "$(TARGET_NAME)";
				SUPPORTED_PLATFORMS = "iphoneos iphonesimulator";
				SUPPORTS_MACCATALYST = NO;
				SUPPORTS_MAC_DESIGNED_FOR_IPHONE_IPAD = NO;
				SWIFT_EMIT_LOC_STRINGS = YES;
				SWIFT_VERSION = 5.0;
				TARGETED_DEVICE_FAMILY = 1;
			};
			name = Release;
		};
/* End XCBuildConfiguration section */

/* Begin XCConfigurationList section */
		ABA4317529129730009A9B53 /* Build configuration list for PBXProject "RandomAnimation" */ = {
			isa = XCConfigurationList;
			buildConfigurations = (
				ABA4318C29129732009A9B53 /* Debug */,
				ABA4318D29129732009A9B53 /* Release */,
			);
			defaultConfigurationIsVisible = 0;
			defaultConfigurationName = Release;
		};
		ABA4318E29129732009A9B53 /* Build configuration list for PBXNativeTarget "RandomAnimation" */ = {
			isa = XCConfigurationList;
			buildConfigurations = (
				ABA4318F29129732009A9B53 /* Debug */,
				ABA4319029129732009A9B53 /* Release */,
			);
			defaultConfigurationIsVisible = 0;
			defaultConfigurationName = Release;
		};
/* End XCConfigurationList section */

/* Begin XCRemoteSwiftPackageReference section */
		ABA4319529129E02009A9B53 /* XCRemoteSwiftPackageReference "SpringAnimation" */ = {
			isa = XCRemoteSwiftPackageReference;
			repositoryURL = "https://github.com/LexDeBash/SpringAnimation.git";
			requirement = {
				kind = upToNextMajorVersion;
				minimumVersion = 0.3.0;
			};
		};
/* End XCRemoteSwiftPackageReference section */

/* Begin XCSwiftPackageProductDependency section */
		ABA4319629129E02009A9B53 /* SpringAnimation */ = {
			isa = XCSwiftPackageProductDependency;
			package = ABA4319529129E02009A9B53 /* XCRemoteSwiftPackageReference "SpringAnimation" */;
			productName = SpringAnimation;
		};
/* End XCSwiftPackageProductDependency section */
	};
	rootObject = ABA4317229129730009A9B53 /* Project object */;
}
